
Microsoft Visual Studio Solution File, Format Version 12.00
# Visual Studio Version 17
VisualStudioVersion = 17.8.34330.188
MinimumVisualStudioVersion = 10.0.40219.1
Project("{9A19103F-16F7-4668-BE54-9A1E7A4F7556}") = "antsimulatorApp", "antsimulatorApp\antsimulatorApp.csproj", "{813121B6-4814-4897-9715-625767D17B93}"
EndProject
Project("{FAE04EC0-301F-11D3-BF4B-00C04F79EFBC}") = "AntAPIDb", "AntAPIDb\AntAPIDb.csproj", "{6856AC96-BB9D-47EC-B31F-21D249459EE4}"
EndProject
Global
	GlobalSection(SolutionConfigurationPlatforms) = preSolution
		Debug|Any CPU = Debug|Any CPU
		Release|Any CPU = Release|Any CPU
	EndGlobalSection
	GlobalSection(ProjectConfigurationPlatforms) = postSolution
		{813121B6-4814-4897-9715-625767D17B93}.Debug|Any CPU.ActiveCfg = Debug|Any CPU
		{813121B6-4814-4897-9715-625767D17B93}.Debug|Any CPU.Build.0 = Debug|Any CPU
		{813121B6-4814-4897-9715-625767D17B93}.Debug|Any CPU.Deploy.0 = Debug|Any CPU
		{813121B6-4814-4897-9715-625767D17B93}.Release|Any CPU.ActiveCfg = Release|Any CPU
		{813121B6-4814-4897-9715-625767D17B93}.Release|Any CPU.Build.0 = Release|Any CPU
		{813121B6-4814-4897-9715-625767D17B93}.Release|Any CPU.Deploy.0 = Release|Any CPU
		{6856AC96-BB9D-47EC-B31F-21D249459EE4}.Debug|Any CPU.ActiveCfg = Debug|Any CPU
		{6856AC96-BB9D-47EC-B31F-21D249459EE4}.Debug|Any CPU.Build.0 = Debug|Any CPU
		{6856AC96-BB9D-47EC-B31F-21D249459EE4}.Release|Any CPU.ActiveCfg = Release|Any CPU
		{6856AC96-BB9D-47EC-B31F-21D249459EE4}.Release|Any CPU.Build.0 = Release|Any CPU
	EndGlobalSection
	GlobalSection(SolutionProperties) = preSolution
		HideSolutionNode = FALSE
	EndGlobalSection
	GlobalSection(ExtensibilityGlobals) = postSolution
		SolutionGuid = {88678C84-E7DC-4D6C-92D3-F982EEFA2128}
	EndGlobalSection
EndGlobal
